PODS:
  - CatalogByConvention (2.0.0)
  - MaterialComponentsFontDiskLoader/examples (1.0.0):
    - MaterialComponentsFontDiskLoader/lib
  - MaterialComponentsFontDiskLoader/lib (1.0.0)
  - MaterialComponentsFontDiskLoader/tests (1.0.0):
    - MaterialComponentsFontDiskLoader/lib

DEPENDENCIES:
  - CatalogByConvention
  - MaterialComponentsFontDiskLoader/examples (from `./`)
  - MaterialComponentsFontDiskLoader/tests (from `./`)

EXTERNAL SOURCES:
  MaterialComponentsFontDiskLoader:
    :path: "./"

SPEC CHECKSUMS:
  CatalogByConvention: be55c2263132e4f9f59299ac8a528ee8715b3275
  MaterialComponentsFontDiskLoader: e278c675a781249b36fc0db401178fa5525d0fe4

PODFILE CHECKSUM: 649627e6ec178f12839ad4263c7173050ff14135

COCOAPODS: 1.0.1
