PODS:
  - MDFFontDiskLoader (1.0.0)

DEPENDENCIES:
  - MDFFontDiskLoader (from `../../../`)

EXTERNAL SOURCES:
  MDFFontDiskLoader:
    :path: "../../../"

SPEC CHECKSUMS:
  MDFFontDiskLoader: 26b2e308ee553701cdfc771cfcca7d4b99cbde29

PODFILE CHECKSUM: d151bb618a72a3f57d567b24969f1f0b18ad5864

COCOAPODS: 1.0.1
