PODS:
  - MDFFontDiskLoader (1.0.0)

DEPENDENCIES:
  - MDFFontDiskLoader (from `../../../`)

EXTERNAL SOURCES:
  MDFFontDiskLoader:
    :path: "../../../"

SPEC CHECKSUMS:
  MDFFontDiskLoader: a5502890fe75ef8b640aecaa138e98aadfba0476

PODFILE CHECKSUM: a2ff8c78b1fd23f1240d09ee7ff66d6f7fc3c80a

COCOAPODS: 1.0.1
